
Microsoft Visual Studio Solution File, Format Version 12.00
# Visual Studio Version 17
VisualStudioVersion = 17.0.31903.59
MinimumVisualStudioVersion = 10.0.40219.1
Project("{2150E333-8FDC-42A3-9474-1A3956D46DE8}") = "src", "src", "{783DC1A7-BF16-4AC6-8037-0245354B9FBA}"
	ProjectSection(SolutionItems) = preProject
		src\Directory.Build.props = src\Directory.Build.props
	EndProjectSection
EndProject
Project("{2150E333-8FDC-42A3-9474-1A3956D46DE8}") = "examples", "examples", "{66EB0E1D-D80D-47B4-B73D-5BA997FED06D}"
EndProject
Project("{FAE04EC0-301F-11D3-BF4B-00C04F79EFBC}") = "MinimalApi.Extensions.SourceGeneration", "src\MinimalApi.Extensions.SourceGeneration\MinimalApi.Extensions.SourceGeneration.csproj", "{D9E26932-E958-4E9C-8829-453D4132903C}"
EndProject
Project("{FAE04EC0-301F-11D3-BF4B-00C04F79EFBC}") = "MinimalApi.Extensions", "src\MinimalApi.Extensions\MinimalApi.Extensions.csproj", "{EFF310E2-240B-8E93-799A-C27EAACCC0D3}"
EndProject
Project("{FAE04EC0-301F-11D3-BF4B-00C04F79EFBC}") = "MinimalApi.Extensions.Example", "examples\MinimalApi.Extensions.Example\MinimalApi.Extensions.Example.csproj", "{3063D173-C2FF-4F98-AA7B-ECF6E0574317}"
EndProject
Project("{2150E333-8FDC-42A3-9474-1A3956D46DE8}") = ".github", ".github", "{02EA681E-C7D8-13C7-8484-4AC65E1B71E8}"
EndProject
Project("{2150E333-8FDC-42A3-9474-1A3956D46DE8}") = "workflows", "workflows", "{87A0BC58-3EDC-4702-B04E-E4375CD6AA56}"
	ProjectSection(SolutionItems) = preProject
		.github\workflows\publish-to-nuget.yml = .github\workflows\publish-to-nuget.yml
	EndProjectSection
EndProject
Project("{FAE04EC0-301F-11D3-BF4B-00C04F79EFBC}") = "MinimalApi.Extensions.HttpResults", "src\MinimalApi.Extensions.HttpResults\MinimalApi.Extensions.HttpResults.csproj", "{D1FAFEF3-1A5C-4FBA-B910-36FF613D9C02}"
EndProject
Project("{FAE04EC0-301F-11D3-BF4B-00C04F79EFBC}") = "MinimalApi.Extensions.Validation", "src\MinimalApi.Extensions.Validation\MinimalApi.Extensions.Validation.csproj", "{CE2E960D-6C36-4B24-B9F1-F9A45BB3497B}"
EndProject
Project("{FAE04EC0-301F-11D3-BF4B-00C04F79EFBC}") = "MinimalApi.Extensions.Security", "src\MinimalApi.Extensions.Security\MinimalApi.Extensions.Security.csproj", "{0CDF3AF9-9AC8-0AAD-F467-F9B5331D3F07}"
EndProject
Project("{FAE04EC0-301F-11D3-BF4B-00C04F79EFBC}") = "MinimalApi.Extensions.Attributes", "src\MinimalApi.Extensions.Attributes\MinimalApi.Extensions.Attributes.csproj", "{2B34CDCD-C93F-2384-5309-6B396B9F2CE9}"
EndProject
Project("{FAE04EC0-301F-11D3-BF4B-00C04F79EFBC}") = "MinimalApi.Extensions.Scalar", "src\MinimalApi.Extensions.Scalar\MinimalApi.Extensions.Scalar.csproj", "{1429292A-FB73-4324-B2B6-CA18D6C08B41}"
EndProject
Project("{FAE04EC0-301F-11D3-BF4B-00C04F79EFBC}") = "MinimalApi.Extensions.EFCore.Npgsql", "src\MinimalApi.Extensions.EFCore.Npgsql\MinimalApi.Extensions.EFCore.Npgsql.csproj", "{315FDAB9-F9E1-4BE4-8695-14097240E379}"
EndProject
Project("{FAE04EC0-301F-11D3-BF4B-00C04F79EFBC}") = "MinimalApi.Extensions.EFCore", "src\MinimalApi.Extensions.EFCore\MinimalApi.Extensions.EFCore.csproj", "{0544F36F-2700-4EAF-8228-64411E3F221B}"
EndProject
Project("{FAE04EC0-301F-11D3-BF4B-00C04F79EFBC}") = "MinimalApi.Extensions.WeChat", "src\MinimalApi.Extensions.WeChat\MinimalApi.Extensions.WeChat.csproj", "{14A83F93-924F-4DE5-9FA2-CEA022C8062B}"
EndProject
Global
	GlobalSection(SolutionConfigurationPlatforms) = preSolution
		Debug|Any CPU = Debug|Any CPU
		Release|Any CPU = Release|Any CPU
	EndGlobalSection
	GlobalSection(ProjectConfigurationPlatforms) = postSolution
		{D9E26932-E958-4E9C-8829-453D4132903C}.Debug|Any CPU.ActiveCfg = Debug|Any CPU
		{D9E26932-E958-4E9C-8829-453D4132903C}.Debug|Any CPU.Build.0 = Debug|Any CPU
		{D9E26932-E958-4E9C-8829-453D4132903C}.Release|Any CPU.ActiveCfg = Release|Any CPU
		{D9E26932-E958-4E9C-8829-453D4132903C}.Release|Any CPU.Build.0 = Release|Any CPU
		{EFF310E2-240B-8E93-799A-C27EAACCC0D3}.Debug|Any CPU.ActiveCfg = Debug|Any CPU
		{EFF310E2-240B-8E93-799A-C27EAACCC0D3}.Debug|Any CPU.Build.0 = Debug|Any CPU
		{EFF310E2-240B-8E93-799A-C27EAACCC0D3}.Release|Any CPU.ActiveCfg = Release|Any CPU
		{EFF310E2-240B-8E93-799A-C27EAACCC0D3}.Release|Any CPU.Build.0 = Release|Any CPU
		{3063D173-C2FF-4F98-AA7B-ECF6E0574317}.Debug|Any CPU.ActiveCfg = Debug|Any CPU
		{3063D173-C2FF-4F98-AA7B-ECF6E0574317}.Debug|Any CPU.Build.0 = Debug|Any CPU
		{3063D173-C2FF-4F98-AA7B-ECF6E0574317}.Release|Any CPU.ActiveCfg = Release|Any CPU
		{3063D173-C2FF-4F98-AA7B-ECF6E0574317}.Release|Any CPU.Build.0 = Release|Any CPU
		{D1FAFEF3-1A5C-4FBA-B910-36FF613D9C02}.Debug|Any CPU.ActiveCfg = Debug|Any CPU
		{D1FAFEF3-1A5C-4FBA-B910-36FF613D9C02}.Debug|Any CPU.Build.0 = Debug|Any CPU
		{D1FAFEF3-1A5C-4FBA-B910-36FF613D9C02}.Release|Any CPU.ActiveCfg = Release|Any CPU
		{D1FAFEF3-1A5C-4FBA-B910-36FF613D9C02}.Release|Any CPU.Build.0 = Release|Any CPU
		{CE2E960D-6C36-4B24-B9F1-F9A45BB3497B}.Debug|Any CPU.ActiveCfg = Debug|Any CPU
		{CE2E960D-6C36-4B24-B9F1-F9A45BB3497B}.Debug|Any CPU.Build.0 = Debug|Any CPU
		{CE2E960D-6C36-4B24-B9F1-F9A45BB3497B}.Release|Any CPU.ActiveCfg = Release|Any CPU
		{CE2E960D-6C36-4B24-B9F1-F9A45BB3497B}.Release|Any CPU.Build.0 = Release|Any CPU
		{0CDF3AF9-9AC8-0AAD-F467-F9B5331D3F07}.Debug|Any CPU.ActiveCfg = Debug|Any CPU
		{0CDF3AF9-9AC8-0AAD-F467-F9B5331D3F07}.Debug|Any CPU.Build.0 = Debug|Any CPU
		{0CDF3AF9-9AC8-0AAD-F467-F9B5331D3F07}.Release|Any CPU.ActiveCfg = Release|Any CPU
		{0CDF3AF9-9AC8-0AAD-F467-F9B5331D3F07}.Release|Any CPU.Build.0 = Release|Any CPU
		{2B34CDCD-C93F-2384-5309-6B396B9F2CE9}.Debug|Any CPU.ActiveCfg = Debug|Any CPU
		{2B34CDCD-C93F-2384-5309-6B396B9F2CE9}.Debug|Any CPU.Build.0 = Debug|Any CPU
		{2B34CDCD-C93F-2384-5309-6B396B9F2CE9}.Release|Any CPU.ActiveCfg = Release|Any CPU
		{2B34CDCD-C93F-2384-5309-6B396B9F2CE9}.Release|Any CPU.Build.0 = Release|Any CPU
		{1429292A-FB73-4324-B2B6-CA18D6C08B41}.Debug|Any CPU.ActiveCfg = Debug|Any CPU
		{1429292A-FB73-4324-B2B6-CA18D6C08B41}.Debug|Any CPU.Build.0 = Debug|Any CPU
		{1429292A-FB73-4324-B2B6-CA18D6C08B41}.Release|Any CPU.ActiveCfg = Release|Any CPU
		{1429292A-FB73-4324-B2B6-CA18D6C08B41}.Release|Any CPU.Build.0 = Release|Any CPU
		{315FDAB9-F9E1-4BE4-8695-14097240E379}.Debug|Any CPU.ActiveCfg = Debug|Any CPU
		{315FDAB9-F9E1-4BE4-8695-14097240E379}.Debug|Any CPU.Build.0 = Debug|Any CPU
		{315FDAB9-F9E1-4BE4-8695-14097240E379}.Release|Any CPU.ActiveCfg = Release|Any CPU
		{315FDAB9-F9E1-4BE4-8695-14097240E379}.Release|Any CPU.Build.0 = Release|Any CPU
		{0544F36F-2700-4EAF-8228-64411E3F221B}.Debug|Any CPU.ActiveCfg = Debug|Any CPU
		{0544F36F-2700-4EAF-8228-64411E3F221B}.Debug|Any CPU.Build.0 = Debug|Any CPU
		{0544F36F-2700-4EAF-8228-64411E3F221B}.Release|Any CPU.ActiveCfg = Release|Any CPU
		{0544F36F-2700-4EAF-8228-64411E3F221B}.Release|Any CPU.Build.0 = Release|Any CPU
		{14A83F93-924F-4DE5-9FA2-CEA022C8062B}.Debug|Any CPU.ActiveCfg = Debug|Any CPU
		{14A83F93-924F-4DE5-9FA2-CEA022C8062B}.Debug|Any CPU.Build.0 = Debug|Any CPU
		{14A83F93-924F-4DE5-9FA2-CEA022C8062B}.Release|Any CPU.ActiveCfg = Release|Any CPU
		{14A83F93-924F-4DE5-9FA2-CEA022C8062B}.Release|Any CPU.Build.0 = Release|Any CPU
	EndGlobalSection
	GlobalSection(SolutionProperties) = preSolution
		HideSolutionNode = FALSE
	EndGlobalSection
	GlobalSection(NestedProjects) = preSolution
		{D9E26932-E958-4E9C-8829-453D4132903C} = {783DC1A7-BF16-4AC6-8037-0245354B9FBA}
		{EFF310E2-240B-8E93-799A-C27EAACCC0D3} = {783DC1A7-BF16-4AC6-8037-0245354B9FBA}
		{3063D173-C2FF-4F98-AA7B-ECF6E0574317} = {66EB0E1D-D80D-47B4-B73D-5BA997FED06D}
		{87A0BC58-3EDC-4702-B04E-E4375CD6AA56} = {02EA681E-C7D8-13C7-8484-4AC65E1B71E8}
		{D1FAFEF3-1A5C-4FBA-B910-36FF613D9C02} = {783DC1A7-BF16-4AC6-8037-0245354B9FBA}
		{CE2E960D-6C36-4B24-B9F1-F9A45BB3497B} = {783DC1A7-BF16-4AC6-8037-0245354B9FBA}
		{0CDF3AF9-9AC8-0AAD-F467-F9B5331D3F07} = {783DC1A7-BF16-4AC6-8037-0245354B9FBA}
		{2B34CDCD-C93F-2384-5309-6B396B9F2CE9} = {783DC1A7-BF16-4AC6-8037-0245354B9FBA}
		{1429292A-FB73-4324-B2B6-CA18D6C08B41} = {783DC1A7-BF16-4AC6-8037-0245354B9FBA}
		{315FDAB9-F9E1-4BE4-8695-14097240E379} = {783DC1A7-BF16-4AC6-8037-0245354B9FBA}
		{0544F36F-2700-4EAF-8228-64411E3F221B} = {783DC1A7-BF16-4AC6-8037-0245354B9FBA}
		{14A83F93-924F-4DE5-9FA2-CEA022C8062B} = {783DC1A7-BF16-4AC6-8037-0245354B9FBA}
	EndGlobalSection
	GlobalSection(ExtensibilityGlobals) = postSolution
		SolutionGuid = {282AD3CC-50FC-45FC-B947-4C6B239239D8}
	EndGlobalSection
EndGlobal
