
Microsoft Visual Studio Solution File, Format Version 12.00
# Visual Studio Version 17
VisualStudioVersion = 17.0.31903.59
MinimumVisualStudioVersion = 10.0.40219.1
Project("{2150E333-8FDC-42A3-9474-1A3956D46DE8}") = "src", "src", "{783DC1A7-BF16-4AC6-8037-0245354B9FBA}"
EndProject
Project("{2150E333-8FDC-42A3-9474-1A3956D46DE8}") = "examples", "examples", "{66EB0E1D-D80D-47B4-B73D-5BA997FED06D}"
EndProject
Project("{FAE04EC0-301F-11D3-BF4B-00C04F79EFBC}") = "MinimalApi.Extensions.SourceGeneration", "src\MinimalApi.Extensions.SourceGeneration\MinimalApi.Extensions.SourceGeneration.csproj", "{D9E26932-E958-4E9C-8829-453D4132903C}"
EndProject
Project("{FAE04EC0-301F-11D3-BF4B-00C04F79EFBC}") = "MinimalApi.Extensions", "src\MinimalApi.Extensions\MinimalApi.Extensions.csproj", "{EFF310E2-240B-8E93-799A-C27EAACCC0D3}"
EndProject
Project("{FAE04EC0-301F-11D3-BF4B-00C04F79EFBC}") = "MinimalApi.Extensions.Abstractions", "src\MinimalApi.Extensions.Abstractions\MinimalApi.Extensions.Abstractions.csproj", "{85C6BC7C-227C-4F97-A14B-679D51E19E57}"
EndProject
Project("{FAE04EC0-301F-11D3-BF4B-00C04F79EFBC}") = "MinimalApi.Extensions.Example", "examples\MinimalApi.Extensions.Example\MinimalApi.Extensions.Example.csproj", "{3063D173-C2FF-4F98-AA7B-ECF6E0574317}"
EndProject
Global
	GlobalSection(SolutionConfigurationPlatforms) = preSolution
		Debug|Any CPU = Debug|Any CPU
		Release|Any CPU = Release|Any CPU
	EndGlobalSection
	GlobalSection(ProjectConfigurationPlatforms) = postSolution
		{D9E26932-E958-4E9C-8829-453D4132903C}.Debug|Any CPU.ActiveCfg = Debug|Any CPU
		{D9E26932-E958-4E9C-8829-453D4132903C}.Debug|Any CPU.Build.0 = Debug|Any CPU
		{D9E26932-E958-4E9C-8829-453D4132903C}.Release|Any CPU.ActiveCfg = Release|Any CPU
		{D9E26932-E958-4E9C-8829-453D4132903C}.Release|Any CPU.Build.0 = Release|Any CPU
		{EFF310E2-240B-8E93-799A-C27EAACCC0D3}.Debug|Any CPU.ActiveCfg = Debug|Any CPU
		{EFF310E2-240B-8E93-799A-C27EAACCC0D3}.Debug|Any CPU.Build.0 = Debug|Any CPU
		{EFF310E2-240B-8E93-799A-C27EAACCC0D3}.Release|Any CPU.ActiveCfg = Release|Any CPU
		{EFF310E2-240B-8E93-799A-C27EAACCC0D3}.Release|Any CPU.Build.0 = Release|Any CPU
		{85C6BC7C-227C-4F97-A14B-679D51E19E57}.Debug|Any CPU.ActiveCfg = Debug|Any CPU
		{85C6BC7C-227C-4F97-A14B-679D51E19E57}.Debug|Any CPU.Build.0 = Debug|Any CPU
		{85C6BC7C-227C-4F97-A14B-679D51E19E57}.Release|Any CPU.ActiveCfg = Release|Any CPU
		{85C6BC7C-227C-4F97-A14B-679D51E19E57}.Release|Any CPU.Build.0 = Release|Any CPU
		{3063D173-C2FF-4F98-AA7B-ECF6E0574317}.Debug|Any CPU.ActiveCfg = Debug|Any CPU
		{3063D173-C2FF-4F98-AA7B-ECF6E0574317}.Debug|Any CPU.Build.0 = Debug|Any CPU
		{3063D173-C2FF-4F98-AA7B-ECF6E0574317}.Release|Any CPU.ActiveCfg = Release|Any CPU
		{3063D173-C2FF-4F98-AA7B-ECF6E0574317}.Release|Any CPU.Build.0 = Release|Any CPU
	EndGlobalSection
	GlobalSection(SolutionProperties) = preSolution
		HideSolutionNode = FALSE
	EndGlobalSection
	GlobalSection(NestedProjects) = preSolution
		{D9E26932-E958-4E9C-8829-453D4132903C} = {783DC1A7-BF16-4AC6-8037-0245354B9FBA}
		{EFF310E2-240B-8E93-799A-C27EAACCC0D3} = {783DC1A7-BF16-4AC6-8037-0245354B9FBA}
		{85C6BC7C-227C-4F97-A14B-679D51E19E57} = {783DC1A7-BF16-4AC6-8037-0245354B9FBA}
		{3063D173-C2FF-4F98-AA7B-ECF6E0574317} = {66EB0E1D-D80D-47B4-B73D-5BA997FED06D}
	EndGlobalSection
	GlobalSection(ExtensibilityGlobals) = postSolution
		SolutionGuid = {282AD3CC-50FC-45FC-B947-4C6B239239D8}
	EndGlobalSection
EndGlobal
